golang.org/x/sync v0.1.0 h1:wsuoTGHzEhffawBOhz5CYhcrV4IdKZbEyZjBMuTp12o=
golang.org/x/sync v0.1.0/go.mod h1:RxMgew5VJxzue5/jJTE5uejpjVlOe/izrB70Jof72aM=
oras.land/oras-go/v2 v2.0.0 h1:+LRAz92WF7AvYQsQjPEAIw3Xb2zPPhuydjpi4pIHmc0=
oras.land/oras-go/v2 v2.0.0/go.mod h1:iVExH1NxrccIxjsiq17L91WCZ4KIw6jVQyCLsZsu1gc=
